// !$*UTF8*$!
{
	archiveVersion = 1;
	classes = {
	};
	objectVersion = 56;
	objects = {

/* Begin PBXBuildFile section */
		3A21B8122C9C69FD00EA4081 /* SettingsViewItem.swift in Sources */ = {isa = PBXBuildFile; fileRef = 3A21B8112C9C69FD00EA4081 /* SettingsViewItem.swift */; };
		3A21B8142C9C6FE400EA4081 /* SettingsViewItem2.swift in Sources */ = {isa = PBXBuildFile; fileRef = 3A21B8132C9C6FE400EA4081 /* SettingsViewItem2.swift */; };
		3A21B8162C9C732700EA4081 /* SettingsViewItem3.swift in Sources */ = {isa = PBXBuildFile; fileRef = 3A21B8152C9C732700EA4081 /* SettingsViewItem3.swift */; };
		3A46069B2C733C950019EFA2 /* BubbleApp.swift in Sources */ = {isa = PBXBuildFile; fileRef = 3A46069A2C733C950019EFA2 /* BubbleApp.swift */; };
		3A46069F2C733C960019EFA2 /* Assets.xcassets in Resources */ = {isa = PBXBuildFile; fileRef = 3A46069E2C733C960019EFA2 /* Assets.xcassets */; };
		3A4606A22C733C960019EFA2 /* Preview Assets.xcassets in Resources */ = {isa = PBXBuildFile; fileRef = 3A4606A12C733C960019EFA2 /* Preview Assets.xcassets */; };
		3A4606C52C75CA230019EFA2 /* README.md in Resources */ = {isa = PBXBuildFile; fileRef = 3A4606C42C75CA230019EFA2 /* README.md */; };
		3A4606C72C760C7D0019EFA2 /* GoogleService-Info.plist in Resources */ = {isa = PBXBuildFile; fileRef = 3A4606C62C760C7D0019EFA2 /* GoogleService-Info.plist */; };
		3A4606CA2C760CDA0019EFA2 /* FirebaseAuth in Frameworks */ = {isa = PBXBuildFile; productRef = 3A4606C92C760CDA0019EFA2 /* FirebaseAuth */; settings = {ATTRIBUTES = (Required, ); }; };
		3A4606CC2C760CDA0019EFA2 /* FirebaseCrashlytics in Frameworks */ = {isa = PBXBuildFile; productRef = 3A4606CB2C760CDA0019EFA2 /* FirebaseCrashlytics */; };
		3A4606CE2C760CDA0019EFA2 /* FirebaseFirestore in Frameworks */ = {isa = PBXBuildFile; productRef = 3A4606CD2C760CDA0019EFA2 /* FirebaseFirestore */; };
		3A4606D02C760CDA0019EFA2 /* FirebaseStorage in Frameworks */ = {isa = PBXBuildFile; productRef = 3A4606CF2C760CDA0019EFA2 /* FirebaseStorage */; };
		3A4606D42C760DE50019EFA2 /* AuthClient.swift in Sources */ = {isa = PBXBuildFile; fileRef = 3A4606D32C760DE50019EFA2 /* AuthClient.swift */; };
		3A4606D62C760F950019EFA2 /* FirestoreClient.swift in Sources */ = {isa = PBXBuildFile; fileRef = 3A4606D52C760F950019EFA2 /* FirestoreClient.swift */; };
		3A4606D92C7610890019EFA2 /* BubbleUser.swift in Sources */ = {isa = PBXBuildFile; fileRef = 3A4606D82C7610890019EFA2 /* BubbleUser.swift */; };
		3A4606DF2C7613990019EFA2 /* AuthViewModel.swift in Sources */ = {isa = PBXBuildFile; fileRef = 3A4606DE2C7613990019EFA2 /* AuthViewModel.swift */; };
		3A4606E22C761EB70019EFA2 /* ColorHexExtention.swift in Sources */ = {isa = PBXBuildFile; fileRef = 3A4606E12C761EB70019EFA2 /* ColorHexExtention.swift */; };
		3A4606E42C7873F90019EFA2 /* AuthView.swift in Sources */ = {isa = PBXBuildFile; fileRef = 3A4606E32C7873F90019EFA2 /* AuthView.swift */; };
		3A55DA6D2C8842750009D514 /* MainView.swift in Sources */ = {isa = PBXBuildFile; fileRef = 3A55DA6C2C8842750009D514 /* MainView.swift */; };
		3A55DA702C8849A50009D514 /* SavingGoalsView.swift in Sources */ = {isa = PBXBuildFile; fileRef = 3A55DA6F2C8849A50009D514 /* SavingGoalsView.swift */; };
		3A55DA742C8850C50009D514 /* SavingGoal.swift in Sources */ = {isa = PBXBuildFile; fileRef = 3A55DA732C8850C50009D514 /* SavingGoal.swift */; };
		3A55DA762C9178240009D514 /* NewSavingGoalSheet.swift in Sources */ = {isa = PBXBuildFile; fileRef = 3A55DA752C9178240009D514 /* NewSavingGoalSheet.swift */; };
		3A55DA782C92F2090009D514 /* SavingGoalListItem.swift in Sources */ = {isa = PBXBuildFile; fileRef = 3A55DA772C92F2090009D514 /* SavingGoalListItem.swift */; };
		3A55DA7A2C93F59E0009D514 /* AddMoneySheet.swift in Sources */ = {isa = PBXBuildFile; fileRef = 3A55DA792C93F59E0009D514 /* AddMoneySheet.swift */; };
		3A55DA7D2C9406B60009D514 /* ApiClient.swift in Sources */ = {isa = PBXBuildFile; fileRef = 3A55DA7C2C9406B60009D514 /* ApiClient.swift */; };
		3A55DA7F2C9407A10009D514 /* Quote.swift in Sources */ = {isa = PBXBuildFile; fileRef = 3A55DA7E2C9407A10009D514 /* Quote.swift */; };
		3A55DA812C940B450009D514 /* ApiKey.swift in Sources */ = {isa = PBXBuildFile; fileRef = 3A55DA802C940B450009D514 /* ApiKey.swift */; };
		3A55DA842C94114A0009D514 /* HomeView.swift in Sources */ = {isa = PBXBuildFile; fileRef = 3A55DA832C94114A0009D514 /* HomeView.swift */; };
		3A55DA862C9411610009D514 /* HomeViewModel.swift in Sources */ = {isa = PBXBuildFile; fileRef = 3A55DA852C9411610009D514 /* HomeViewModel.swift */; };
		3A55DA892C9808A80009D514 /* HistoryView.swift in Sources */ = {isa = PBXBuildFile; fileRef = 3A55DA882C9808A80009D514 /* HistoryView.swift */; };
		3A55DA8D2C9808DC0009D514 /* BalanceChange.swift in Sources */ = {isa = PBXBuildFile; fileRef = 3A55DA8C2C9808DC0009D514 /* BalanceChange.swift */; };
		3A55DA8F2C984A1D0009D514 /* WalletVIew.swift in Sources */ = {isa = PBXBuildFile; fileRef = 3A55DA8E2C984A1D0009D514 /* WalletVIew.swift */; };
		3A55DA922C999E510009D514 /* WalletViewModel.swift in Sources */ = {isa = PBXBuildFile; fileRef = 3A55DA912C999E510009D514 /* WalletViewModel.swift */; };
		3A55DA942C99A60C0009D514 /* WalletViewTabs.swift in Sources */ = {isa = PBXBuildFile; fileRef = 3A55DA932C99A60C0009D514 /* WalletViewTabs.swift */; };
		3A55DA962C99BF9C0009D514 /* AddBalanceChangeSheet.swift in Sources */ = {isa = PBXBuildFile; fileRef = 3A55DA952C99BF9C0009D514 /* AddBalanceChangeSheet.swift */; };
		3AE765A12C9AF67D008141F5 /* Test.swift in Sources */ = {isa = PBXBuildFile; fileRef = 3AE765A02C9AF67D008141F5 /* Test.swift */; };
		3AE765A42C9C03EA008141F5 /* SettingsVIew.swift in Sources */ = {isa = PBXBuildFile; fileRef = 3AE765A32C9C03EA008141F5 /* SettingsVIew.swift */; };
		3AE765A62C9C03FC008141F5 /* SettingsViewModel.swift in Sources */ = {isa = PBXBuildFile; fileRef = 3AE765A52C9C03FC008141F5 /* SettingsViewModel.swift */; };
		3AF1138C2C7F0658000A9E9F /* TextFieldStyle.swift in Sources */ = {isa = PBXBuildFile; fileRef = 3AF1138B2C7F0658000A9E9F /* TextFieldStyle.swift */; };
		3AF1138E2C7F0C3C000A9E9F /* AuthButtonStyle.swift in Sources */ = {isa = PBXBuildFile; fileRef = 3AF1138D2C7F0C3C000A9E9F /* AuthButtonStyle.swift */; };
		3AF113922C7F14D3000A9E9F /* AuthViewTabButton.swift in Sources */ = {isa = PBXBuildFile; fileRef = 3AF113912C7F14D3000A9E9F /* AuthViewTabButton.swift */; };
/* End PBXBuildFile section */

/* Begin PBXContainerItemProxy section */
		3A4606A82C733C960019EFA2 /* PBXContainerItemProxy */ = {
			isa = PBXContainerItemProxy;
			containerPortal = 3A46068F2C733C950019EFA2 /* Project object */;
			proxyType = 1;
			remoteGlobalIDString = 3A4606962C733C950019EFA2;
			remoteInfo = Bubble;
		};
		3A4606B22C733C960019EFA2 /* PBXContainerItemProxy */ = {
			isa = PBXContainerItemProxy;
			containerPortal = 3A46068F2C733C950019EFA2 /* Project object */;
			proxyType = 1;
			remoteGlobalIDString = 3A4606962C733C950019EFA2;
			remoteInfo = Bubble;
		};
/* End PBXContainerItemProxy section */

/* Begin PBXFileReference section */
		3A21B8112C9C69FD00EA4081 /* SettingsViewItem.swift */ = {isa = PBXFileReference; lastKnownFileType = sourcecode.swift; path = SettingsViewItem.swift; sourceTree = "<group>"; };
		3A21B8132C9C6FE400EA4081 /* SettingsViewItem2.swift */ = {isa = PBXFileReference; lastKnownFileType = sourcecode.swift; path = SettingsViewItem2.swift; sourceTree = "<group>"; };
		3A21B8152C9C732700EA4081 /* SettingsViewItem3.swift */ = {isa = PBXFileReference; lastKnownFileType = sourcecode.swift; path = SettingsViewItem3.swift; sourceTree = "<group>"; };
		3A4606972C733C950019EFA2 /* Bubble.app */ = {isa = PBXFileReference; explicitFileType = wrapper.application; includeInIndex = 0; path = Bubble.app; sourceTree = BUILT_PRODUCTS_DIR; };
		3A46069A2C733C950019EFA2 /* BubbleApp.swift */ = {isa = PBXFileReference; lastKnownFileType = sourcecode.swift; path = BubbleApp.swift; sourceTree = "<group>"; };
		3A46069E2C733C960019EFA2 /* Assets.xcassets */ = {isa = PBXFileReference; lastKnownFileType = folder.assetcatalog; path = Assets.xcassets; sourceTree = "<group>"; };
		3A4606A12C733C960019EFA2 /* Preview Assets.xcassets */ = {isa = PBXFileReference; lastKnownFileType = folder.assetcatalog; path = "Preview Assets.xcassets"; sourceTree = "<group>"; };
		3A4606A72C733C960019EFA2 /* BubbleTests.xctest */ = {isa = PBXFileReference; explicitFileType = wrapper.cfbundle; includeInIndex = 0; path = BubbleTests.xctest; sourceTree = BUILT_PRODUCTS_DIR; };
		3A4606B12C733C960019EFA2 /* BubbleUITests.xctest */ = {isa = PBXFileReference; explicitFileType = wrapper.cfbundle; includeInIndex = 0; path = BubbleUITests.xctest; sourceTree = BUILT_PRODUCTS_DIR; };
		3A4606C42C75CA230019EFA2 /* README.md */ = {isa = PBXFileReference; fileEncoding = 4; lastKnownFileType = net.daringfireball.markdown; name = README.md; path = ../README.md; sourceTree = "<group>"; };
		3A4606C62C760C7D0019EFA2 /* GoogleService-Info.plist */ = {isa = PBXFileReference; fileEncoding = 4; lastKnownFileType = text.plist.xml; path = "GoogleService-Info.plist"; sourceTree = "<group>"; };
		3A4606D32C760DE50019EFA2 /* AuthClient.swift */ = {isa = PBXFileReference; lastKnownFileType = sourcecode.swift; path = AuthClient.swift; sourceTree = "<group>"; };
		3A4606D52C760F950019EFA2 /* FirestoreClient.swift */ = {isa = PBXFileReference; lastKnownFileType = sourcecode.swift; path = FirestoreClient.swift; sourceTree = "<group>"; };
		3A4606D82C7610890019EFA2 /* BubbleUser.swift */ = {isa = PBXFileReference; lastKnownFileType = sourcecode.swift; path = BubbleUser.swift; sourceTree = "<group>"; };
		3A4606DE2C7613990019EFA2 /* AuthViewModel.swift */ = {isa = PBXFileReference; lastKnownFileType = sourcecode.swift; path = AuthViewModel.swift; sourceTree = "<group>"; };
		3A4606E12C761EB70019EFA2 /* ColorHexExtention.swift */ = {isa = PBXFileReference; lastKnownFileType = sourcecode.swift; path = ColorHexExtention.swift; sourceTree = "<group>"; };
		3A4606E32C7873F90019EFA2 /* AuthView.swift */ = {isa = PBXFileReference; lastKnownFileType = sourcecode.swift; path = AuthView.swift; sourceTree = "<group>"; };
		3A55DA6C2C8842750009D514 /* MainView.swift */ = {isa = PBXFileReference; lastKnownFileType = sourcecode.swift; path = MainView.swift; sourceTree = "<group>"; };
		3A55DA6F2C8849A50009D514 /* SavingGoalsView.swift */ = {isa = PBXFileReference; lastKnownFileType = sourcecode.swift; path = SavingGoalsView.swift; sourceTree = "<group>"; };
		3A55DA732C8850C50009D514 /* SavingGoal.swift */ = {isa = PBXFileReference; lastKnownFileType = sourcecode.swift; path = SavingGoal.swift; sourceTree = "<group>"; };
		3A55DA752C9178240009D514 /* NewSavingGoalSheet.swift */ = {isa = PBXFileReference; lastKnownFileType = sourcecode.swift; path = NewSavingGoalSheet.swift; sourceTree = "<group>"; };
		3A55DA772C92F2090009D514 /* SavingGoalListItem.swift */ = {isa = PBXFileReference; lastKnownFileType = sourcecode.swift; path = SavingGoalListItem.swift; sourceTree = "<group>"; };
		3A55DA792C93F59E0009D514 /* AddMoneySheet.swift */ = {isa = PBXFileReference; lastKnownFileType = sourcecode.swift; path = AddMoneySheet.swift; sourceTree = "<group>"; };
		3A55DA7C2C9406B60009D514 /* ApiClient.swift */ = {isa = PBXFileReference; lastKnownFileType = sourcecode.swift; path = ApiClient.swift; sourceTree = "<group>"; };
		3A55DA7E2C9407A10009D514 /* Quote.swift */ = {isa = PBXFileReference; lastKnownFileType = sourcecode.swift; path = Quote.swift; sourceTree = "<group>"; };
		3A55DA802C940B450009D514 /* ApiKey.swift */ = {isa = PBXFileReference; lastKnownFileType = sourcecode.swift; path = ApiKey.swift; sourceTree = "<group>"; };
		3A55DA832C94114A0009D514 /* HomeView.swift */ = {isa = PBXFileReference; lastKnownFileType = sourcecode.swift; path = HomeView.swift; sourceTree = "<group>"; };
		3A55DA852C9411610009D514 /* HomeViewModel.swift */ = {isa = PBXFileReference; lastKnownFileType = sourcecode.swift; path = HomeViewModel.swift; sourceTree = "<group>"; };
		3A55DA882C9808A80009D514 /* HistoryView.swift */ = {isa = PBXFileReference; lastKnownFileType = sourcecode.swift; path = HistoryView.swift; sourceTree = "<group>"; };
		3A55DA8C2C9808DC0009D514 /* BalanceChange.swift */ = {isa = PBXFileReference; lastKnownFileType = sourcecode.swift; path = BalanceChange.swift; sourceTree = "<group>"; };
		3A55DA8E2C984A1D0009D514 /* WalletVIew.swift */ = {isa = PBXFileReference; lastKnownFileType = sourcecode.swift; path = WalletVIew.swift; sourceTree = "<group>"; };
		3A55DA912C999E510009D514 /* WalletViewModel.swift */ = {isa = PBXFileReference; lastKnownFileType = sourcecode.swift; path = WalletViewModel.swift; sourceTree = "<group>"; };
		3A55DA932C99A60C0009D514 /* WalletViewTabs.swift */ = {isa = PBXFileReference; lastKnownFileType = sourcecode.swift; path = WalletViewTabs.swift; sourceTree = "<group>"; };
		3A55DA952C99BF9C0009D514 /* AddBalanceChangeSheet.swift */ = {isa = PBXFileReference; lastKnownFileType = sourcecode.swift; path = AddBalanceChangeSheet.swift; sourceTree = "<group>"; };
		3AE765A02C9AF67D008141F5 /* Test.swift */ = {isa = PBXFileReference; lastKnownFileType = sourcecode.swift; path = Test.swift; sourceTree = "<group>"; };
		3AE765A32C9C03EA008141F5 /* SettingsVIew.swift */ = {isa = PBXFileReference; lastKnownFileType = sourcecode.swift; path = SettingsVIew.swift; sourceTree = "<group>"; };
		3AE765A52C9C03FC008141F5 /* SettingsViewModel.swift */ = {isa = PBXFileReference; lastKnownFileType = sourcecode.swift; path = SettingsViewModel.swift; sourceTree = "<group>"; };
		3AF1138B2C7F0658000A9E9F /* TextFieldStyle.swift */ = {isa = PBXFileReference; lastKnownFileType = sourcecode.swift; path = TextFieldStyle.swift; sourceTree = "<group>"; };
		3AF1138D2C7F0C3C000A9E9F /* AuthButtonStyle.swift */ = {isa = PBXFileReference; lastKnownFileType = sourcecode.swift; path = AuthButtonStyle.swift; sourceTree = "<group>"; };
		3AF113912C7F14D3000A9E9F /* AuthViewTabButton.swift */ = {isa = PBXFileReference; lastKnownFileType = sourcecode.swift; path = AuthViewTabButton.swift; sourceTree = "<group>"; };
/* End PBXFileReference section */

/* Begin PBXFrameworksBuildPhase section */
		3A4606942C733C950019EFA2 /* Frameworks */ = {
			isa = PBXFrameworksBuildPhase;
			buildActionMask = 2147483647;
			files = (
				3A4606CA2C760CDA0019EFA2 /* FirebaseAuth in Frameworks */,
				3A4606D02C760CDA0019EFA2 /* FirebaseStorage in Frameworks */,
				3A4606CC2C760CDA0019EFA2 /* FirebaseCrashlytics in Frameworks */,
				3A4606CE2C760CDA0019EFA2 /* FirebaseFirestore in Frameworks */,
			);
			runOnlyForDeploymentPostprocessing = 0;
		};
		3A4606A42C733C960019EFA2 /* Frameworks */ = {
			isa = PBXFrameworksBuildPhase;
			buildActionMask = 2147483647;
			files = (
			);
			runOnlyForDeploymentPostprocessing = 0;
		};
		3A4606AE2C733C960019EFA2 /* Frameworks */ = {
			isa = PBXFrameworksBuildPhase;
			buildActionMask = 2147483647;
			files = (
			);
			runOnlyForDeploymentPostprocessing = 0;
		};
/* End PBXFrameworksBuildPhase section */

/* Begin PBXGroup section */
		3A46068E2C733C950019EFA2 = {
			isa = PBXGroup;
			children = (
				3A4606C42C75CA230019EFA2 /* README.md */,
				3A4606992C733C950019EFA2 /* Bubble */,
				3A4606982C733C950019EFA2 /* Products */,
			);
			sourceTree = "<group>";
		};
		3A4606982C733C950019EFA2 /* Products */ = {
			isa = PBXGroup;
			children = (
				3A4606972C733C950019EFA2 /* Bubble.app */,
				3A4606A72C733C960019EFA2 /* BubbleTests.xctest */,
				3A4606B12C733C960019EFA2 /* BubbleUITests.xctest */,
			);
			name = Products;
			sourceTree = "<group>";
		};
		3A4606992C733C950019EFA2 /* Bubble */ = {
			isa = PBXGroup;
			children = (
				3AE7659F2C9AF66E008141F5 /* Test */,
				3AF1138F2C7F14A8000A9E9F /* Components */,
				3A4606E02C761E550019EFA2 /* Extensions */,
				3A4606DA2C7613610019EFA2 /* Views */,
				3A4606D72C7610710019EFA2 /* Models */,
				3A4606D12C760DBC0019EFA2 /* FireBaseClients */,
				3A55DA7B2C9406810009D514 /* ApiClient */,
				3A4606C62C760C7D0019EFA2 /* GoogleService-Info.plist */,
				3A46069A2C733C950019EFA2 /* BubbleApp.swift */,
				3A46069E2C733C960019EFA2 /* Assets.xcassets */,
				3A4606A02C733C960019EFA2 /* Preview Content */,
				3A55DA802C940B450009D514 /* ApiKey.swift */,
			);
			path = Bubble;
			sourceTree = "<group>";
		};
		3A4606A02C733C960019EFA2 /* Preview Content */ = {
			isa = PBXGroup;
			children = (
				3A4606A12C733C960019EFA2 /* Preview Assets.xcassets */,
			);
			path = "Preview Content";
			sourceTree = "<group>";
		};
		3A4606D12C760DBC0019EFA2 /* FireBaseClients */ = {
			isa = PBXGroup;
			children = (
				3A4606D32C760DE50019EFA2 /* AuthClient.swift */,
				3A4606D52C760F950019EFA2 /* FirestoreClient.swift */,
			);
			path = FireBaseClients;
			sourceTree = "<group>";
		};
		3A4606D72C7610710019EFA2 /* Models */ = {
			isa = PBXGroup;
			children = (
				3A4606D82C7610890019EFA2 /* BubbleUser.swift */,
				3A55DA732C8850C50009D514 /* SavingGoal.swift */,
				3A55DA7E2C9407A10009D514 /* Quote.swift */,
				3A55DA8C2C9808DC0009D514 /* BalanceChange.swift */,
			);
			path = Models;
			sourceTree = "<group>";
		};
		3A4606DA2C7613610019EFA2 /* Views */ = {
			isa = PBXGroup;
			children = (
				3AE765A22C9C03D5008141F5 /* SettingsView */,
				3A55DA822C9411330009D514 /* HomeView */,
				3A55DA6E2C8849910009D514 /* WalletView */,
				3A55DA6B2C88425E0009D514 /* MainView */,
				3A4606DB2C7613690019EFA2 /* AuthView */,
			);
			path = Views;
			sourceTree = "<group>";
		};
		3A4606DB2C7613690019EFA2 /* AuthView */ = {
			isa = PBXGroup;
			children = (
				3A4606DE2C7613990019EFA2 /* AuthViewModel.swift */,
				3A4606E32C7873F90019EFA2 /* AuthView.swift */,
			);
			path = AuthView;
			sourceTree = "<group>";
		};
		3A4606E02C761E550019EFA2 /* Extensions */ = {
			isa = PBXGroup;
			children = (
				3A4606E12C761EB70019EFA2 /* ColorHexExtention.swift */,
				3AF1138B2C7F0658000A9E9F /* TextFieldStyle.swift */,
				3AF1138D2C7F0C3C000A9E9F /* AuthButtonStyle.swift */,
			);
			path = Extensions;
			sourceTree = "<group>";
		};
		3A55DA6B2C88425E0009D514 /* MainView */ = {
			isa = PBXGroup;
			children = (
				3A55DA6C2C8842750009D514 /* MainView.swift */,
			);
			path = MainView;
			sourceTree = "<group>";
		};
		3A55DA6E2C8849910009D514 /* WalletView */ = {
			isa = PBXGroup;
			children = (
				3A55DA8E2C984A1D0009D514 /* WalletVIew.swift */,
				3A55DA912C999E510009D514 /* WalletViewModel.swift */,
				3A55DA932C99A60C0009D514 /* WalletViewTabs.swift */,
				3A55DA872C9807E90009D514 /* HistoryView */,
				3A55DA902C999B830009D514 /* SavingGoalsView */,
			);
			path = WalletView;
			sourceTree = "<group>";
		};
		3A55DA7B2C9406810009D514 /* ApiClient */ = {
			isa = PBXGroup;
			children = (
				3A55DA7C2C9406B60009D514 /* ApiClient.swift */,
			);
			path = ApiClient;
			sourceTree = "<group>";
		};
		3A55DA822C9411330009D514 /* HomeView */ = {
			isa = PBXGroup;
			children = (
				3A55DA832C94114A0009D514 /* HomeView.swift */,
				3A55DA852C9411610009D514 /* HomeViewModel.swift */,
			);
			path = HomeView;
			sourceTree = "<group>";
		};
		3A55DA872C9807E90009D514 /* HistoryView */ = {
			isa = PBXGroup;
			children = (
				3A55DA882C9808A80009D514 /* HistoryView.swift */,
				3A55DA952C99BF9C0009D514 /* AddBalanceChangeSheet.swift */,
			);
			path = HistoryView;
			sourceTree = "<group>";
		};
		3A55DA902C999B830009D514 /* SavingGoalsView */ = {
			isa = PBXGroup;
			children = (
				3A55DA6F2C8849A50009D514 /* SavingGoalsView.swift */,
				3A55DA752C9178240009D514 /* NewSavingGoalSheet.swift */,
				3A55DA772C92F2090009D514 /* SavingGoalListItem.swift */,
				3A55DA792C93F59E0009D514 /* AddMoneySheet.swift */,
			);
			path = SavingGoalsView;
			sourceTree = "<group>";
		};
		3AE7659F2C9AF66E008141F5 /* Test */ = {
			isa = PBXGroup;
			children = (
				3AE765A02C9AF67D008141F5 /* Test.swift */,
			);
			path = Test;
			sourceTree = "<group>";
		};
		3AE765A22C9C03D5008141F5 /* SettingsView */ = {
			isa = PBXGroup;
			children = (
				3AE765A32C9C03EA008141F5 /* SettingsVIew.swift */,
				3AE765A52C9C03FC008141F5 /* SettingsViewModel.swift */,
				3A21B8112C9C69FD00EA4081 /* SettingsViewItem.swift */,
				3A21B8132C9C6FE400EA4081 /* SettingsViewItem2.swift */,
				3A21B8152C9C732700EA4081 /* SettingsViewItem3.swift */,
			);
			path = SettingsView;
			sourceTree = "<group>";
		};
		3AF1138F2C7F14A8000A9E9F /* Components */ = {
			isa = PBXGroup;
			children = (
				3AF113912C7F14D3000A9E9F /* AuthViewTabButton.swift */,
			);
			path = Components;
			sourceTree = "<group>";
		};
/* End PBXGroup section */

/* Begin PBXNativeTarget section */
		3A4606962C733C950019EFA2 /* Bubble */ = {
			isa = PBXNativeTarget;
			buildConfigurationList = 3A4606BB2C733C960019EFA2 /* Build configuration list for PBXNativeTarget "Bubble" */;
			buildPhases = (
				3A4606932C733C950019EFA2 /* Sources */,
				3A4606942C733C950019EFA2 /* Frameworks */,
				3A4606952C733C950019EFA2 /* Resources */,
			);
			buildRules = (
			);
			dependencies = (
			);
			name = Bubble;
			packageProductDependencies = (
				3A4606C92C760CDA0019EFA2 /* FirebaseAuth */,
				3A4606CB2C760CDA0019EFA2 /* FirebaseCrashlytics */,
				3A4606CD2C760CDA0019EFA2 /* FirebaseFirestore */,
				3A4606CF2C760CDA0019EFA2 /* FirebaseStorage */,
			);
			productName = Bubble;
			productReference = 3A4606972C733C950019EFA2 /* Bubble.app */;
			productType = "com.apple.product-type.application";
		};
		3A4606A62C733C960019EFA2 /* BubbleTests */ = {
			isa = PBXNativeTarget;
			buildConfigurationList = 3A4606BE2C733C960019EFA2 /* Build configuration list for PBXNativeTarget "BubbleTests" */;
			buildPhases = (
				3A4606A32C733C960019EFA2 /* Sources */,
				3A4606A42C733C960019EFA2 /* Frameworks */,
				3A4606A52C733C960019EFA2 /* Resources */,
			);
			buildRules = (
			);
			dependencies = (
				3A4606A92C733C960019EFA2 /* PBXTargetDependency */,
			);
			name = BubbleTests;
			productName = BubbleTests;
			productReference = 3A4606A72C733C960019EFA2 /* BubbleTests.xctest */;
			productType = "com.apple.product-type.bundle.unit-test";
		};
		3A4606B02C733C960019EFA2 /* BubbleUITests */ = {
			isa = PBXNativeTarget;
			buildConfigurationList = 3A4606C12C733C960019EFA2 /* Build configuration list for PBXNativeTarget "BubbleUITests" */;
			buildPhases = (
				3A4606AD2C733C960019EFA2 /* Sources */,
				3A4606AE2C733C960019EFA2 /* Frameworks */,
				3A4606AF2C733C960019EFA2 /* Resources */,
			);
			buildRules = (
			);
			dependencies = (
				3A4606B32C733C960019EFA2 /* PBXTargetDependency */,
			);
			name = BubbleUITests;
			productName = BubbleUITests;
			productReference = 3A4606B12C733C960019EFA2 /* BubbleUITests.xctest */;
			productType = "com.apple.product-type.bundle.ui-testing";
		};
/* End PBXNativeTarget section */

/* Begin PBXProject section */
		3A46068F2C733C950019EFA2 /* Project object */ = {
			isa = PBXProject;
			attributes = {
				BuildIndependentTargetsInParallel = 1;
				LastSwiftUpdateCheck = 1510;
				LastUpgradeCheck = 1510;
				TargetAttributes = {
					3A4606962C733C950019EFA2 = {
						CreatedOnToolsVersion = 15.1;
					};
					3A4606A62C733C960019EFA2 = {
						CreatedOnToolsVersion = 15.1;
						TestTargetID = 3A4606962C733C950019EFA2;
					};
					3A4606B02C733C960019EFA2 = {
						CreatedOnToolsVersion = 15.1;
						TestTargetID = 3A4606962C733C950019EFA2;
					};
				};
			};
			buildConfigurationList = 3A4606922C733C950019EFA2 /* Build configuration list for PBXProject "Bubble" */;
			compatibilityVersion = "Xcode 14.0";
			developmentRegion = en;
			hasScannedForEncodings = 0;
			knownRegions = (
				en,
				Base,
			);
			mainGroup = 3A46068E2C733C950019EFA2;
			packageReferences = (
				3A4606C82C760CDA0019EFA2 /* XCRemoteSwiftPackageReference "firebase-ios-sdk" */,
			);
			productRefGroup = 3A4606982C733C950019EFA2 /* Products */;
			projectDirPath = "";
			projectRoot = "";
			targets = (
				3A4606962C733C950019EFA2 /* Bubble */,
				3A4606A62C733C960019EFA2 /* BubbleTests */,
				3A4606B02C733C960019EFA2 /* BubbleUITests */,
			);
		};
/* End PBXProject section */

/* Begin PBXResourcesBuildPhase section */
		3A4606952C733C950019EFA2 /* Resources */ = {
			isa = PBXResourcesBuildPhase;
			buildActionMask = 2147483647;
			files = (
				3A4606C52C75CA230019EFA2 /* README.md in Resources */,
				3A4606C72C760C7D0019EFA2 /* GoogleService-Info.plist in Resources */,
				3A4606A22C733C960019EFA2 /* Preview Assets.xcassets in Resources */,
				3A46069F2C733C960019EFA2 /* Assets.xcassets in Resources */,
			);
			runOnlyForDeploymentPostprocessing = 0;
		};
		3A4606A52C733C960019EFA2 /* Resources */ = {
			isa = PBXResourcesBuildPhase;
			buildActionMask = 2147483647;
			files = (
			);
			runOnlyForDeploymentPostprocessing = 0;
		};
		3A4606AF2C733C960019EFA2 /* Resources */ = {
			isa = PBXResourcesBuildPhase;
			buildActionMask = 2147483647;
			files = (
			);
			runOnlyForDeploymentPostprocessing = 0;
		};
/* End PBXResourcesBuildPhase section */

/* Begin PBXSourcesBuildPhase section */
		3A4606932C733C950019EFA2 /* Sources */ = {
			isa = PBXSourcesBuildPhase;
			buildActionMask = 2147483647;
			files = (
				3A55DA742C8850C50009D514 /* SavingGoal.swift in Sources */,
				3A55DA862C9411610009D514 /* HomeViewModel.swift in Sources */,
				3A4606D42C760DE50019EFA2 /* AuthClient.swift in Sources */,
				3A55DA762C9178240009D514 /* NewSavingGoalSheet.swift in Sources */,
				3AF1138C2C7F0658000A9E9F /* TextFieldStyle.swift in Sources */,
				3AE765A62C9C03FC008141F5 /* SettingsViewModel.swift in Sources */,
				3A55DA922C999E510009D514 /* WalletViewModel.swift in Sources */,
				3A55DA892C9808A80009D514 /* HistoryView.swift in Sources */,
				3A55DA942C99A60C0009D514 /* WalletViewTabs.swift in Sources */,
				3A4606DF2C7613990019EFA2 /* AuthViewModel.swift in Sources */,
				3AF1138E2C7F0C3C000A9E9F /* AuthButtonStyle.swift in Sources */,
				3A55DA8D2C9808DC0009D514 /* BalanceChange.swift in Sources */,
				3A4606E22C761EB70019EFA2 /* ColorHexExtention.swift in Sources */,
				3A55DA6D2C8842750009D514 /* MainView.swift in Sources */,
				3A55DA782C92F2090009D514 /* SavingGoalListItem.swift in Sources */,
				3A55DA812C940B450009D514 /* ApiKey.swift in Sources */,
				3A55DA8F2C984A1D0009D514 /* WalletVIew.swift in Sources */,
				3A55DA7A2C93F59E0009D514 /* AddMoneySheet.swift in Sources */,
				3AE765A12C9AF67D008141F5 /* Test.swift in Sources */,
				3A55DA7F2C9407A10009D514 /* Quote.swift in Sources */,
				3A55DA962C99BF9C0009D514 /* AddBalanceChangeSheet.swift in Sources */,
				3A55DA7D2C9406B60009D514 /* ApiClient.swift in Sources */,
				3A4606D62C760F950019EFA2 /* FirestoreClient.swift in Sources */,
				3AE765A42C9C03EA008141F5 /* SettingsVIew.swift in Sources */,
				3A55DA842C94114A0009D514 /* HomeView.swift in Sources */,
				3A46069B2C733C950019EFA2 /* BubbleApp.swift in Sources */,
				3A4606E42C7873F90019EFA2 /* AuthView.swift in Sources */,
				3AF113922C7F14D3000A9E9F /* AuthViewTabButton.swift in Sources */,
				3A21B8122C9C69FD00EA4081 /* SettingsViewItem.swift in Sources */,
				3A4606D92C7610890019EFA2 /* BubbleUser.swift in Sources */,
				3A55DA702C8849A50009D514 /* SavingGoalsView.swift in Sources */,
				3A21B8142C9C6FE400EA4081 /* SettingsViewItem2.swift in Sources */,
				3A21B8162C9C732700EA4081 /* SettingsViewItem3.swift in Sources */,
			);
			runOnlyForDeploymentPostprocessing = 0;
		};
		3A4606A32C733C960019EFA2 /* Sources */ = {
			isa = PBXSourcesBuildPhase;
			buildActionMask = 2147483647;
			files = (
			);
			runOnlyForDeploymentPostprocessing = 0;
		};
		3A4606AD2C733C960019EFA2 /* Sources */ = {
			isa = PBXSourcesBuildPhase;
			buildActionMask = 2147483647;
			files = (
			);
			runOnlyForDeploymentPostprocessing = 0;
		};
/* End PBXSourcesBuildPhase section */

/* Begin PBXTargetDependency section */
		3A4606A92C733C960019EFA2 /* PBXTargetDependency */ = {
			isa = PBXTargetDependency;
			target = 3A4606962C733C950019EFA2 /* Bubble */;
			targetProxy = 3A4606A82C733C960019EFA2 /* PBXContainerItemProxy */;
		};
		3A4606B32C733C960019EFA2 /* PBXTargetDependency */ = {
			isa = PBXTargetDependency;
			target = 3A4606962C733C950019EFA2 /* Bubble */;
			targetProxy = 3A4606B22C733C960019EFA2 /* PBXContainerItemProxy */;
		};
/* End PBXTargetDependency section */

/* Begin XCBuildConfiguration section */
		3A4606B92C733C960019EFA2 /* Debug */ = {
			isa = XCBuildConfiguration;
			buildSettings = {
				ALWAYS_SEARCH_USER_PATHS = NO;
				ASSETCATALOG_COMPILER_GENERATE_SWIFT_ASSET_SYMBOL_EXTENSIONS = YES;
				CLANG_ANALYZER_NONNULL = YES;
				CLANG_ANALYZER_NUMBER_OBJECT_CONVERSION = YES_AGGRESSIVE;
				CLANG_CXX_LANGUAGE_STANDARD = "gnu++20";
				CLANG_ENABLE_MODULES = YES;
				CLANG_ENABLE_OBJC_ARC = YES;
				CLANG_ENABLE_OBJC_WEAK = YES;
				CLANG_WARN_BLOCK_CAPTURE_AUTORELEASING = YES;
				CLANG_WARN_BOOL_CONVERSION = YES;
				CLANG_WARN_COMMA = YES;
				CLANG_WARN_CONSTANT_CONVERSION = YES;
				CLANG_WARN_DEPRECATED_OBJC_IMPLEMENTATIONS = YES;
				CLANG_WARN_DIRECT_OBJC_ISA_USAGE = YES_ERROR;
				CLANG_WARN_DOCUMENTATION_COMMENTS = YES;
				CLANG_WARN_EMPTY_BODY = YES;
				CLANG_WARN_ENUM_CONVERSION = YES;
				CLANG_WARN_INFINITE_RECURSION = YES;
				CLANG_WARN_INT_CONVERSION = YES;
				CLANG_WARN_NON_LITERAL_NULL_CONVERSION = YES;
				CLANG_WARN_OBJC_IMPLICIT_RETAIN_SELF = YES;
				CLANG_WARN_OBJC_LITERAL_CONVERSION = YES;
				CLANG_WARN_OBJC_ROOT_CLASS = YES_ERROR;
				CLANG_WARN_QUOTED_INCLUDE_IN_FRAMEWORK_HEADER = YES;
				CLANG_WARN_RANGE_LOOP_ANALYSIS = YES;
				CLANG_WARN_STRICT_PROTOTYPES = YES;
				CLANG_WARN_SUSPICIOUS_MOVE = YES;
				CLANG_WARN_UNGUARDED_AVAILABILITY = YES_AGGRESSIVE;
				CLANG_WARN_UNREACHABLE_CODE = YES;
				CLANG_WARN__DUPLICATE_METHOD_MATCH = YES;
				COPY_PHASE_STRIP = NO;
				DEBUG_INFORMATION_FORMAT = dwarf;
				ENABLE_STRICT_OBJC_MSGSEND = YES;
				ENABLE_TESTABILITY = YES;
				ENABLE_USER_SCRIPT_SANDBOXING = YES;
				GCC_C_LANGUAGE_STANDARD = gnu17;
				GCC_DYNAMIC_NO_PIC = NO;
				GCC_NO_COMMON_BLOCKS = YES;
				GCC_OPTIMIZATION_LEVEL = 0;
				GCC_PREPROCESSOR_DEFINITIONS = (
					"DEBUG=1",
					"$(inherited)",
				);
				GCC_WARN_64_TO_32_BIT_CONVERSION = YES;
				GCC_WARN_ABOUT_RETURN_TYPE = YES_ERROR;
				GCC_WARN_UNDECLARED_SELECTOR = YES;
				GCC_WARN_UNINITIALIZED_AUTOS = YES_AGGRESSIVE;
				GCC_WARN_UNUSED_FUNCTION = YES;
				GCC_WARN_UNUSED_VARIABLE = YES;
				IPHONEOS_DEPLOYMENT_TARGET = 17.2;
				LOCALIZATION_PREFERS_STRING_CATALOGS = YES;
				MTL_ENABLE_DEBUG_INFO = INCLUDE_SOURCE;
				MTL_FAST_MATH = YES;
				ONLY_ACTIVE_ARCH = YES;
				SDKROOT = iphoneos;
				SWIFT_ACTIVE_COMPILATION_CONDITIONS = "DEBUG $(inherited)";
				SWIFT_OPTIMIZATION_LEVEL = "-Onone";
			};
			name = Debug;
		};
		3A4606BA2C733C960019EFA2 /* Release */ = {
			isa = XCBuildConfiguration;
			buildSettings = {
				ALWAYS_SEARCH_USER_PATHS = NO;
				ASSETCATALOG_COMPILER_GENERATE_SWIFT_ASSET_SYMBOL_EXTENSIONS = YES;
				CLANG_ANALYZER_NONNULL = YES;
				CLANG_ANALYZER_NUMBER_OBJECT_CONVERSION = YES_AGGRESSIVE;
				CLANG_CXX_LANGUAGE_STANDARD = "gnu++20";
				CLANG_ENABLE_MODULES = YES;
				CLANG_ENABLE_OBJC_ARC = YES;
				CLANG_ENABLE_OBJC_WEAK = YES;
				CLANG_WARN_BLOCK_CAPTURE_AUTORELEASING = YES;
				CLANG_WARN_BOOL_CONVERSION = YES;
				CLANG_WARN_COMMA = YES;
				CLANG_WARN_CONSTANT_CONVERSION = YES;
				CLANG_WARN_DEPRECATED_OBJC_IMPLEMENTATIONS = YES;
				CLANG_WARN_DIRECT_OBJC_ISA_USAGE = YES_ERROR;
				CLANG_WARN_DOCUMENTATION_COMMENTS = YES;
				CLANG_WARN_EMPTY_BODY = YES;
				CLANG_WARN_ENUM_CONVERSION = YES;
				CLANG_WARN_INFINITE_RECURSION = YES;
				CLANG_WARN_INT_CONVERSION = YES;
				CLANG_WARN_NON_LITERAL_NULL_CONVERSION = YES;
				CLANG_WARN_OBJC_IMPLICIT_RETAIN_SELF = YES;
				CLANG_WARN_OBJC_LITERAL_CONVERSION = YES;
				CLANG_WARN_OBJC_ROOT_CLASS = YES_ERROR;
				CLANG_WARN_QUOTED_INCLUDE_IN_FRAMEWORK_HEADER = YES;
				CLANG_WARN_RANGE_LOOP_ANALYSIS = YES;
				CLANG_WARN_STRICT_PROTOTYPES = YES;
				CLANG_WARN_SUSPICIOUS_MOVE = YES;
				CLANG_WARN_UNGUARDED_AVAILABILITY = YES_AGGRESSIVE;
				CLANG_WARN_UNREACHABLE_CODE = YES;
				CLANG_WARN__DUPLICATE_METHOD_MATCH = YES;
				COPY_PHASE_STRIP = NO;
				DEBUG_INFORMATION_FORMAT = "dwarf-with-dsym";
				ENABLE_NS_ASSERTIONS = NO;
				ENABLE_STRICT_OBJC_MSGSEND = YES;
				ENABLE_USER_SCRIPT_SANDBOXING = YES;
				GCC_C_LANGUAGE_STANDARD = gnu17;
				GCC_NO_COMMON_BLOCKS = YES;
				GCC_WARN_64_TO_32_BIT_CONVERSION = YES;
				GCC_WARN_ABOUT_RETURN_TYPE = YES_ERROR;
				GCC_WARN_UNDECLARED_SELECTOR = YES;
				GCC_WARN_UNINITIALIZED_AUTOS = YES_AGGRESSIVE;
				GCC_WARN_UNUSED_FUNCTION = YES;
				GCC_WARN_UNUSED_VARIABLE = YES;
				IPHONEOS_DEPLOYMENT_TARGET = 17.2;
				LOCALIZATION_PREFERS_STRING_CATALOGS = YES;
				MTL_ENABLE_DEBUG_INFO = NO;
				MTL_FAST_MATH = YES;
				SDKROOT = iphoneos;
				SWIFT_COMPILATION_MODE = wholemodule;
				VALIDATE_PRODUCT = YES;
			};
			name = Release;
		};
		3A4606BC2C733C960019EFA2 /* Debug */ = {
			isa = XCBuildConfiguration;
			buildSettings = {
				ASSETCATALOG_COMPILER_APPICON_NAME = AppIcon;
				ASSETCATALOG_COMPILER_GLOBAL_ACCENT_COLOR_NAME = AccentColor;
				CODE_SIGN_STYLE = Automatic;
				CURRENT_PROJECT_VERSION = 1;
				DEVELOPMENT_ASSET_PATHS = "\"Bubble/Preview Content\"";
				ENABLE_PREVIEWS = YES;
				GENERATE_INFOPLIST_FILE = YES;
				INFOPLIST_KEY_UIApplicationSceneManifest_Generation = YES;
				INFOPLIST_KEY_UIApplicationSupportsIndirectInputEvents = YES;
				INFOPLIST_KEY_UILaunchScreen_Generation = YES;
				INFOPLIST_KEY_UISupportedInterfaceOrientations_iPad = "UIInterfaceOrientationPortrait UIInterfaceOrientationPortraitUpsideDown UIInterfaceOrientationLandscapeLeft UIInterfaceOrientationLandscapeRight";
				INFOPLIST_KEY_UISupportedInterfaceOrientations_iPhone = "UIInterfaceOrientationPortrait UIInterfaceOrientationLandscapeLeft UIInterfaceOrientationLandscapeRight";
				LD_RUNPATH_SEARCH_PATHS = (
					"$(inherited)",
					"@executable_path/Frameworks",
				);
				MARKETING_VERSION = 1.0;
				PRODUCT_BUNDLE_IDENTIFIER = juri.Bubble;
				PRODUCT_NAME = "$(TARGET_NAME)";
				SWIFT_EMIT_LOC_STRINGS = YES;
				SWIFT_VERSION = 5.0;
				TARGETED_DEVICE_FAMILY = "1,2";
			};
			name = Debug;
		};
		3A4606BD2C733C960019EFA2 /* Release */ = {
			isa = XCBuildConfiguration;
			buildSettings = {
				ASSETCATALOG_COMPILER_APPICON_NAME = AppIcon;
				ASSETCATALOG_COMPILER_GLOBAL_ACCENT_COLOR_NAME = AccentColor;
				CODE_SIGN_STYLE = Automatic;
				CURRENT_PROJECT_VERSION = 1;
				DEVELOPMENT_ASSET_PATHS = "\"Bubble/Preview Content\"";
				ENABLE_PREVIEWS = YES;
				GENERATE_INFOPLIST_FILE = YES;
				INFOPLIST_KEY_UIApplicationSceneManifest_Generation = YES;
				INFOPLIST_KEY_UIApplicationSupportsIndirectInputEvents = YES;
				INFOPLIST_KEY_UILaunchScreen_Generation = YES;
				INFOPLIST_KEY_UISupportedInterfaceOrientations_iPad = "UIInterfaceOrientationPortrait UIInterfaceOrientationPortraitUpsideDown UIInterfaceOrientationLandscapeLeft UIInterfaceOrientationLandscapeRight";
				INFOPLIST_KEY_UISupportedInterfaceOrientations_iPhone = "UIInterfaceOrientationPortrait UIInterfaceOrientationLandscapeLeft UIInterfaceOrientationLandscapeRight";
				LD_RUNPATH_SEARCH_PATHS = (
					"$(inherited)",
					"@executable_path/Frameworks",
				);
				MARKETING_VERSION = 1.0;
				PRODUCT_BUNDLE_IDENTIFIER = juri.Bubble;
				PRODUCT_NAME = "$(TARGET_NAME)";
				SWIFT_EMIT_LOC_STRINGS = YES;
				SWIFT_VERSION = 5.0;
				TARGETED_DEVICE_FAMILY = "1,2";
			};
			name = Release;
		};
		3A4606BF2C733C960019EFA2 /* Debug */ = {
			isa = XCBuildConfiguration;
			buildSettings = {
				ALWAYS_EMBED_SWIFT_STANDARD_LIBRARIES = YES;
				BUNDLE_LOADER = "$(TEST_HOST)";
				CODE_SIGN_STYLE = Automatic;
				CURRENT_PROJECT_VERSION = 1;
				GENERATE_INFOPLIST_FILE = YES;
				IPHONEOS_DEPLOYMENT_TARGET = 17.2;
				MARKETING_VERSION = 1.0;
				PRODUCT_BUNDLE_IDENTIFIER = juri.BubbleTests;
				PRODUCT_NAME = "$(TARGET_NAME)";
				SWIFT_EMIT_LOC_STRINGS = NO;
				SWIFT_VERSION = 5.0;
				TARGETED_DEVICE_FAMILY = "1,2";
				TEST_HOST = "$(BUILT_PRODUCTS_DIR)/Bubble.app/$(BUNDLE_EXECUTABLE_FOLDER_PATH)/Bubble";
			};
			name = Debug;
		};
		3A4606C02C733C960019EFA2 /* Release */ = {
			isa = XCBuildConfiguration;
			buildSettings = {
				ALWAYS_EMBED_SWIFT_STANDARD_LIBRARIES = YES;
				BUNDLE_LOADER = "$(TEST_HOST)";
				CODE_SIGN_STYLE = Automatic;
				CURRENT_PROJECT_VERSION = 1;
				GENERATE_INFOPLIST_FILE = YES;
				IPHONEOS_DEPLOYMENT_TARGET = 17.2;
				MARKETING_VERSION = 1.0;
				PRODUCT_BUNDLE_IDENTIFIER = juri.BubbleTests;
				PRODUCT_NAME = "$(TARGET_NAME)";
				SWIFT_EMIT_LOC_STRINGS = NO;
				SWIFT_VERSION = 5.0;
				TARGETED_DEVICE_FAMILY = "1,2";
				TEST_HOST = "$(BUILT_PRODUCTS_DIR)/Bubble.app/$(BUNDLE_EXECUTABLE_FOLDER_PATH)/Bubble";
			};
			name = Release;
		};
		3A4606C22C733C960019EFA2 /* Debug */ = {
			isa = XCBuildConfiguration;
			buildSettings = {
				ALWAYS_EMBED_SWIFT_STANDARD_LIBRARIES = YES;
				CODE_SIGN_STYLE = Automatic;
				CURRENT_PROJECT_VERSION = 1;
				GENERATE_INFOPLIST_FILE = YES;
				MARKETING_VERSION = 1.0;
				PRODUCT_BUNDLE_IDENTIFIER = juri.BubbleUITests;
				PRODUCT_NAME = "$(TARGET_NAME)";
				SWIFT_EMIT_LOC_STRINGS = NO;
				SWIFT_VERSION = 5.0;
				TARGETED_DEVICE_FAMILY = "1,2";
				TEST_TARGET_NAME = Bubble;
			};
			name = Debug;
		};
		3A4606C32C733C960019EFA2 /* Release */ = {
			isa = XCBuildConfiguration;
			buildSettings = {
				ALWAYS_EMBED_SWIFT_STANDARD_LIBRARIES = YES;
				CODE_SIGN_STYLE = Automatic;
				CURRENT_PROJECT_VERSION = 1;
				GENERATE_INFOPLIST_FILE = YES;
				MARKETING_VERSION = 1.0;
				PRODUCT_BUNDLE_IDENTIFIER = juri.BubbleUITests;
				PRODUCT_NAME = "$(TARGET_NAME)";
				SWIFT_EMIT_LOC_STRINGS = NO;
				SWIFT_VERSION = 5.0;
				TARGETED_DEVICE_FAMILY = "1,2";
				TEST_TARGET_NAME = Bubble;
			};
			name = Release;
		};
/* End XCBuildConfiguration section */

/* Begin XCConfigurationList section */
		3A4606922C733C950019EFA2 /* Build configuration list for PBXProject "Bubble" */ = {
			isa = XCConfigurationList;
			buildConfigurations = (
				3A4606B92C733C960019EFA2 /* Debug */,
				3A4606BA2C733C960019EFA2 /* Release */,
			);
			defaultConfigurationIsVisible = 0;
			defaultConfigurationName = Release;
		};
		3A4606BB2C733C960019EFA2 /* Build configuration list for PBXNativeTarget "Bubble" */ = {
			isa = XCConfigurationList;
			buildConfigurations = (
				3A4606BC2C733C960019EFA2 /* Debug */,
				3A4606BD2C733C960019EFA2 /* Release */,
			);
			defaultConfigurationIsVisible = 0;
			defaultConfigurationName = Release;
		};
		3A4606BE2C733C960019EFA2 /* Build configuration list for PBXNativeTarget "BubbleTests" */ = {
			isa = XCConfigurationList;
			buildConfigurations = (
				3A4606BF2C733C960019EFA2 /* Debug */,
				3A4606C02C733C960019EFA2 /* Release */,
			);
			defaultConfigurationIsVisible = 0;
			defaultConfigurationName = Release;
		};
		3A4606C12C733C960019EFA2 /* Build configuration list for PBXNativeTarget "BubbleUITests" */ = {
			isa = XCConfigurationList;
			buildConfigurations = (
				3A4606C22C733C960019EFA2 /* Debug */,
				3A4606C32C733C960019EFA2 /* Release */,
			);
			defaultConfigurationIsVisible = 0;
			defaultConfigurationName = Release;
		};
/* End XCConfigurationList section */

/* Begin XCRemoteSwiftPackageReference section */
		3A4606C82C760CDA0019EFA2 /* XCRemoteSwiftPackageReference "firebase-ios-sdk" */ = {
			isa = XCRemoteSwiftPackageReference;
			repositoryURL = "https://github.com/firebase/firebase-ios-sdk";
			requirement = {
				kind = upToNextMajorVersion;
				minimumVersion = 11.1.0;
			};
		};
/* End XCRemoteSwiftPackageReference section */

/* Begin XCSwiftPackageProductDependency section */
		3A4606C92C760CDA0019EFA2 /* FirebaseAuth */ = {
			isa = XCSwiftPackageProductDependency;
			package = 3A4606C82C760CDA0019EFA2 /* XCRemoteSwiftPackageReference "firebase-ios-sdk" */;
			productName = FirebaseAuth;
		};
		3A4606CB2C760CDA0019EFA2 /* FirebaseCrashlytics */ = {
			isa = XCSwiftPackageProductDependency;
			package = 3A4606C82C760CDA0019EFA2 /* XCRemoteSwiftPackageReference "firebase-ios-sdk" */;
			productName = FirebaseCrashlytics;
		};
		3A4606CD2C760CDA0019EFA2 /* FirebaseFirestore */ = {
			isa = XCSwiftPackageProductDependency;
			package = 3A4606C82C760CDA0019EFA2 /* XCRemoteSwiftPackageReference "firebase-ios-sdk" */;
			productName = FirebaseFirestore;
		};
		3A4606CF2C760CDA0019EFA2 /* FirebaseStorage */ = {
			isa = XCSwiftPackageProductDependency;
			package = 3A4606C82C760CDA0019EFA2 /* XCRemoteSwiftPackageReference "firebase-ios-sdk" */;
			productName = FirebaseStorage;
		};
/* End XCSwiftPackageProductDependency section */
	};
	rootObject = 3A46068F2C733C950019EFA2 /* Project object */;
}
