// !$*UTF8*$!
{
	archiveVersion = 1;
	classes = {
	};
	objectVersion = 56;
	objects = {

/* Begin PBXBuildFile section */
		3A46069B2C733C950019EFA2 /* BubbleApp.swift in Sources */ = {isa = PBXBuildFile; fileRef = 3A46069A2C733C950019EFA2 /* BubbleApp.swift */; };
		3A46069D2C733C950019EFA2 /* ContentView.swift in Sources */ = {isa = PBXBuildFile; fileRef = 3A46069C2C733C950019EFA2 /* ContentView.swift */; };
		3A46069F2C733C960019EFA2 /* Assets.xcassets in Resources */ = {isa = PBXBuildFile; fileRef = 3A46069E2C733C960019EFA2 /* Assets.xcassets */; };
		3A4606A22C733C960019EFA2 /* Preview Assets.xcassets in Resources */ = {isa = PBXBuildFile; fileRef = 3A4606A12C733C960019EFA2 /* Preview Assets.xcassets */; };
		3A4606AC2C733C960019EFA2 /* BubbleTests.swift in Sources */ = {isa = PBXBuildFile; fileRef = 3A4606AB2C733C960019EFA2 /* BubbleTests.swift */; };
		3A4606B62C733C960019EFA2 /* BubbleUITests.swift in Sources */ = {isa = PBXBuildFile; fileRef = 3A4606B52C733C960019EFA2 /* BubbleUITests.swift */; };
		3A4606B82C733C960019EFA2 /* BubbleUITestsLaunchTests.swift in Sources */ = {isa = PBXBuildFile; fileRef = 3A4606B72C733C960019EFA2 /* BubbleUITestsLaunchTests.swift */; };
		3A4606C52C75CA230019EFA2 /* README.md in Resources */ = {isa = PBXBuildFile; fileRef = 3A4606C42C75CA230019EFA2 /* README.md */; };
/* End PBXBuildFile section */

/* Begin PBXContainerItemProxy section */
		3A4606A82C733C960019EFA2 /* PBXContainerItemProxy */ = {
			isa = PBXContainerItemProxy;
			containerPortal = 3A46068F2C733C950019EFA2 /* Project object */;
			proxyType = 1;
			remoteGlobalIDString = 3A4606962C733C950019EFA2;
			remoteInfo = Bubble;
		};
		3A4606B22C733C960019EFA2 /* PBXContainerItemProxy */ = {
			isa = PBXContainerItemProxy;
			containerPortal = 3A46068F2C733C950019EFA2 /* Project object */;
			proxyType = 1;
			remoteGlobalIDString = 3A4606962C733C950019EFA2;
			remoteInfo = Bubble;
		};
/* End PBXContainerItemProxy section */

/* Begin PBXFileReference section */
		3A4606972C733C950019EFA2 /* Bubble.app */ = {isa = PBXFileReference; explicitFileType = wrapper.application; includeInIndex = 0; path = Bubble.app; sourceTree = BUILT_PRODUCTS_DIR; };
		3A46069A2C733C950019EFA2 /* BubbleApp.swift */ = {isa = PBXFileReference; lastKnownFileType = sourcecode.swift; path = BubbleApp.swift; sourceTree = "<group>"; };
		3A46069C2C733C950019EFA2 /* ContentView.swift */ = {isa = PBXFileReference; lastKnownFileType = sourcecode.swift; path = ContentView.swift; sourceTree = "<group>"; };
		3A46069E2C733C960019EFA2 /* Assets.xcassets */ = {isa = PBXFileReference; lastKnownFileType = folder.assetcatalog; path = Assets.xcassets; sourceTree = "<group>"; };
		3A4606A12C733C960019EFA2 /* Preview Assets.xcassets */ = {isa = PBXFileReference; lastKnownFileType = folder.assetcatalog; path = "Preview Assets.xcassets"; sourceTree = "<group>"; };
		3A4606A72C733C960019EFA2 /* BubbleTests.xctest */ = {isa = PBXFileReference; explicitFileType = wrapper.cfbundle; includeInIndex = 0; path = BubbleTests.xctest; sourceTree = BUILT_PRODUCTS_DIR; };
		3A4606AB2C733C960019EFA2 /* BubbleTests.swift */ = {isa = PBXFileReference; lastKnownFileType = sourcecode.swift; path = BubbleTests.swift; sourceTree = "<group>"; };
		3A4606B12C733C960019EFA2 /* BubbleUITests.xctest */ = {isa = PBXFileReference; explicitFileType = wrapper.cfbundle; includeInIndex = 0; path = BubbleUITests.xctest; sourceTree = BUILT_PRODUCTS_DIR; };
		3A4606B52C733C960019EFA2 /* BubbleUITests.swift */ = {isa = PBXFileReference; lastKnownFileType = sourcecode.swift; path = BubbleUITests.swift; sourceTree = "<group>"; };
		3A4606B72C733C960019EFA2 /* BubbleUITestsLaunchTests.swift */ = {isa = PBXFileReference; lastKnownFileType = sourcecode.swift; path = BubbleUITestsLaunchTests.swift; sourceTree = "<group>"; };
		3A4606C42C75CA230019EFA2 /* README.md */ = {isa = PBXFileReference; fileEncoding = 4; lastKnownFileType = net.daringfireball.markdown; name = README.md; path = ../README.md; sourceTree = "<group>"; };
/* End PBXFileReference section */

/* Begin PBXFrameworksBuildPhase section */
		3A4606942C733C950019EFA2 /* Frameworks */ = {
			isa = PBXFrameworksBuildPhase;
			buildActionMask = 2147483647;
			files = (
			);
			runOnlyForDeploymentPostprocessing = 0;
		};
		3A4606A42C733C960019EFA2 /* Frameworks */ = {
			isa = PBXFrameworksBuildPhase;
			buildActionMask = 2147483647;
			files = (
			);
			runOnlyForDeploymentPostprocessing = 0;
		};
		3A4606AE2C733C960019EFA2 /* Frameworks */ = {
			isa = PBXFrameworksBuildPhase;
			buildActionMask = 2147483647;
			files = (
			);
			runOnlyForDeploymentPostprocessing = 0;
		};
/* End PBXFrameworksBuildPhase section */

/* Begin PBXGroup section */
		3A46068E2C733C950019EFA2 = {
			isa = PBXGroup;
			children = (
				3A4606C42C75CA230019EFA2 /* README.md */,
				3A4606992C733C950019EFA2 /* Bubble */,
				3A4606AA2C733C960019EFA2 /* BubbleTests */,
				3A4606B42C733C960019EFA2 /* BubbleUITests */,
				3A4606982C733C950019EFA2 /* Products */,
			);
			sourceTree = "<group>";
		};
		3A4606982C733C950019EFA2 /* Products */ = {
			isa = PBXGroup;
			children = (
				3A4606972C733C950019EFA2 /* Bubble.app */,
				3A4606A72C733C960019EFA2 /* BubbleTests.xctest */,
				3A4606B12C733C960019EFA2 /* BubbleUITests.xctest */,
			);
			name = Products;
			sourceTree = "<group>";
		};
		3A4606992C733C950019EFA2 /* Bubble */ = {
			isa = PBXGroup;
			children = (
				3A46069A2C733C950019EFA2 /* BubbleApp.swift */,
				3A46069C2C733C950019EFA2 /* ContentView.swift */,
				3A46069E2C733C960019EFA2 /* Assets.xcassets */,
				3A4606A02C733C960019EFA2 /* Preview Content */,
			);
			path = Bubble;
			sourceTree = "<group>";
		};
		3A4606A02C733C960019EFA2 /* Preview Content */ = {
			isa = PBXGroup;
			children = (
				3A4606A12C733C960019EFA2 /* Preview Assets.xcassets */,
			);
			path = "Preview Content";
			sourceTree = "<group>";
		};
		3A4606AA2C733C960019EFA2 /* BubbleTests */ = {
			isa = PBXGroup;
			children = (
				3A4606AB2C733C960019EFA2 /* BubbleTests.swift */,
			);
			path = BubbleTests;
			sourceTree = "<group>";
		};
		3A4606B42C733C960019EFA2 /* BubbleUITests */ = {
			isa = PBXGroup;
			children = (
				3A4606B52C733C960019EFA2 /* BubbleUITests.swift */,
				3A4606B72C733C960019EFA2 /* BubbleUITestsLaunchTests.swift */,
			);
			path = BubbleUITests;
			sourceTree = "<group>";
		};
/* End PBXGroup section */

/* Begin PBXNativeTarget section */
		3A4606962C733C950019EFA2 /* Bubble */ = {
			isa = PBXNativeTarget;
			buildConfigurationList = 3A4606BB2C733C960019EFA2 /* Build configuration list for PBXNativeTarget "Bubble" */;
			buildPhases = (
				3A4606932C733C950019EFA2 /* Sources */,
				3A4606942C733C950019EFA2 /* Frameworks */,
				3A4606952C733C950019EFA2 /* Resources */,
			);
			buildRules = (
			);
			dependencies = (
			);
			name = Bubble;
			productName = Bubble;
			productReference = 3A4606972C733C950019EFA2 /* Bubble.app */;
			productType = "com.apple.product-type.application";
		};
		3A4606A62C733C960019EFA2 /* BubbleTests */ = {
			isa = PBXNativeTarget;
			buildConfigurationList = 3A4606BE2C733C960019EFA2 /* Build configuration list for PBXNativeTarget "BubbleTests" */;
			buildPhases = (
				3A4606A32C733C960019EFA2 /* Sources */,
				3A4606A42C733C960019EFA2 /* Frameworks */,
				3A4606A52C733C960019EFA2 /* Resources */,
			);
			buildRules = (
			);
			dependencies = (
				3A4606A92C733C960019EFA2 /* PBXTargetDependency */,
			);
			name = BubbleTests;
			productName = BubbleTests;
			productReference = 3A4606A72C733C960019EFA2 /* BubbleTests.xctest */;
			productType = "com.apple.product-type.bundle.unit-test";
		};
		3A4606B02C733C960019EFA2 /* BubbleUITests */ = {
			isa = PBXNativeTarget;
			buildConfigurationList = 3A4606C12C733C960019EFA2 /* Build configuration list for PBXNativeTarget "BubbleUITests" */;
			buildPhases = (
				3A4606AD2C733C960019EFA2 /* Sources */,
				3A4606AE2C733C960019EFA2 /* Frameworks */,
				3A4606AF2C733C960019EFA2 /* Resources */,
			);
			buildRules = (
			);
			dependencies = (
				3A4606B32C733C960019EFA2 /* PBXTargetDependency */,
			);
			name = BubbleUITests;
			productName = BubbleUITests;
			productReference = 3A4606B12C733C960019EFA2 /* BubbleUITests.xctest */;
			productType = "com.apple.product-type.bundle.ui-testing";
		};
/* End PBXNativeTarget section */

/* Begin PBXProject section */
		3A46068F2C733C950019EFA2 /* Project object */ = {
			isa = PBXProject;
			attributes = {
				BuildIndependentTargetsInParallel = 1;
				LastSwiftUpdateCheck = 1510;
				LastUpgradeCheck = 1510;
				TargetAttributes = {
					3A4606962C733C950019EFA2 = {
						CreatedOnToolsVersion = 15.1;
					};
					3A4606A62C733C960019EFA2 = {
						CreatedOnToolsVersion = 15.1;
						TestTargetID = 3A4606962C733C950019EFA2;
					};
					3A4606B02C733C960019EFA2 = {
						CreatedOnToolsVersion = 15.1;
						TestTargetID = 3A4606962C733C950019EFA2;
					};
				};
			};
			buildConfigurationList = 3A4606922C733C950019EFA2 /* Build configuration list for PBXProject "Bubble" */;
			compatibilityVersion = "Xcode 14.0";
			developmentRegion = en;
			hasScannedForEncodings = 0;
			knownRegions = (
				en,
				Base,
			);
			mainGroup = 3A46068E2C733C950019EFA2;
			productRefGroup = 3A4606982C733C950019EFA2 /* Products */;
			projectDirPath = "";
			projectRoot = "";
			targets = (
				3A4606962C733C950019EFA2 /* Bubble */,
				3A4606A62C733C960019EFA2 /* BubbleTests */,
				3A4606B02C733C960019EFA2 /* BubbleUITests */,
			);
		};
/* End PBXProject section */

/* Begin PBXResourcesBuildPhase section */
		3A4606952C733C950019EFA2 /* Resources */ = {
			isa = PBXResourcesBuildPhase;
			buildActionMask = 2147483647;
			files = (
				3A4606C52C75CA230019EFA2 /* README.md in Resources */,
				3A4606A22C733C960019EFA2 /* Preview Assets.xcassets in Resources */,
				3A46069F2C733C960019EFA2 /* Assets.xcassets in Resources */,
			);
			runOnlyForDeploymentPostprocessing = 0;
		};
		3A4606A52C733C960019EFA2 /* Resources */ = {
			isa = PBXResourcesBuildPhase;
			buildActionMask = 2147483647;
			files = (
			);
			runOnlyForDeploymentPostprocessing = 0;
		};
		3A4606AF2C733C960019EFA2 /* Resources */ = {
			isa = PBXResourcesBuildPhase;
			buildActionMask = 2147483647;
			files = (
			);
			runOnlyForDeploymentPostprocessing = 0;
		};
/* End PBXResourcesBuildPhase section */

/* Begin PBXSourcesBuildPhase section */
		3A4606932C733C950019EFA2 /* Sources */ = {
			isa = PBXSourcesBuildPhase;
			buildActionMask = 2147483647;
			files = (
				3A46069D2C733C950019EFA2 /* ContentView.swift in Sources */,
				3A46069B2C733C950019EFA2 /* BubbleApp.swift in Sources */,
			);
			runOnlyForDeploymentPostprocessing = 0;
		};
		3A4606A32C733C960019EFA2 /* Sources */ = {
			isa = PBXSourcesBuildPhase;
			buildActionMask = 2147483647;
			files = (
				3A4606AC2C733C960019EFA2 /* BubbleTests.swift in Sources */,
			);
			runOnlyForDeploymentPostprocessing = 0;
		};
		3A4606AD2C733C960019EFA2 /* Sources */ = {
			isa = PBXSourcesBuildPhase;
			buildActionMask = 2147483647;
			files = (
				3A4606B82C733C960019EFA2 /* BubbleUITestsLaunchTests.swift in Sources */,
				3A4606B62C733C960019EFA2 /* BubbleUITests.swift in Sources */,
			);
			runOnlyForDeploymentPostprocessing = 0;
		};
/* End PBXSourcesBuildPhase section */

/* Begin PBXTargetDependency section */
		3A4606A92C733C960019EFA2 /* PBXTargetDependency */ = {
			isa = PBXTargetDependency;
			target = 3A4606962C733C950019EFA2 /* Bubble */;
			targetProxy = 3A4606A82C733C960019EFA2 /* PBXContainerItemProxy */;
		};
		3A4606B32C733C960019EFA2 /* PBXTargetDependency */ = {
			isa = PBXTargetDependency;
			target = 3A4606962C733C950019EFA2 /* Bubble */;
			targetProxy = 3A4606B22C733C960019EFA2 /* PBXContainerItemProxy */;
		};
/* End PBXTargetDependency section */

/* Begin XCBuildConfiguration section */
		3A4606B92C733C960019EFA2 /* Debug */ = {
			isa = XCBuildConfiguration;
			buildSettings = {
				ALWAYS_SEARCH_USER_PATHS = NO;
				ASSETCATALOG_COMPILER_GENERATE_SWIFT_ASSET_SYMBOL_EXTENSIONS = YES;
				CLANG_ANALYZER_NONNULL = YES;
				CLANG_ANALYZER_NUMBER_OBJECT_CONVERSION = YES_AGGRESSIVE;
				CLANG_CXX_LANGUAGE_STANDARD = "gnu++20";
				CLANG_ENABLE_MODULES = YES;
				CLANG_ENABLE_OBJC_ARC = YES;
				CLANG_ENABLE_OBJC_WEAK = YES;
				CLANG_WARN_BLOCK_CAPTURE_AUTORELEASING = YES;
				CLANG_WARN_BOOL_CONVERSION = YES;
				CLANG_WARN_COMMA = YES;
				CLANG_WARN_CONSTANT_CONVERSION = YES;
				CLANG_WARN_DEPRECATED_OBJC_IMPLEMENTATIONS = YES;
				CLANG_WARN_DIRECT_OBJC_ISA_USAGE = YES_ERROR;
				CLANG_WARN_DOCUMENTATION_COMMENTS = YES;
				CLANG_WARN_EMPTY_BODY = YES;
				CLANG_WARN_ENUM_CONVERSION = YES;
				CLANG_WARN_INFINITE_RECURSION = YES;
				CLANG_WARN_INT_CONVERSION = YES;
				CLANG_WARN_NON_LITERAL_NULL_CONVERSION = YES;
				CLANG_WARN_OBJC_IMPLICIT_RETAIN_SELF = YES;
				CLANG_WARN_OBJC_LITERAL_CONVERSION = YES;
				CLANG_WARN_OBJC_ROOT_CLASS = YES_ERROR;
				CLANG_WARN_QUOTED_INCLUDE_IN_FRAMEWORK_HEADER = YES;
				CLANG_WARN_RANGE_LOOP_ANALYSIS = YES;
				CLANG_WARN_STRICT_PROTOTYPES = YES;
				CLANG_WARN_SUSPICIOUS_MOVE = YES;
				CLANG_WARN_UNGUARDED_AVAILABILITY = YES_AGGRESSIVE;
				CLANG_WARN_UNREACHABLE_CODE = YES;
				CLANG_WARN__DUPLICATE_METHOD_MATCH = YES;
				COPY_PHASE_STRIP = NO;
				DEBUG_INFORMATION_FORMAT = dwarf;
				ENABLE_STRICT_OBJC_MSGSEND = YES;
				ENABLE_TESTABILITY = YES;
				ENABLE_USER_SCRIPT_SANDBOXING = YES;
				GCC_C_LANGUAGE_STANDARD = gnu17;
				GCC_DYNAMIC_NO_PIC = NO;
				GCC_NO_COMMON_BLOCKS = YES;
				GCC_OPTIMIZATION_LEVEL = 0;
				GCC_PREPROCESSOR_DEFINITIONS = (
					"DEBUG=1",
					"$(inherited)",
				);
				GCC_WARN_64_TO_32_BIT_CONVERSION = YES;
				GCC_WARN_ABOUT_RETURN_TYPE = YES_ERROR;
				GCC_WARN_UNDECLARED_SELECTOR = YES;
				GCC_WARN_UNINITIALIZED_AUTOS = YES_AGGRESSIVE;
				GCC_WARN_UNUSED_FUNCTION = YES;
				GCC_WARN_UNUSED_VARIABLE = YES;
				IPHONEOS_DEPLOYMENT_TARGET = 17.2;
				LOCALIZATION_PREFERS_STRING_CATALOGS = YES;
				MTL_ENABLE_DEBUG_INFO = INCLUDE_SOURCE;
				MTL_FAST_MATH = YES;
				ONLY_ACTIVE_ARCH = YES;
				SDKROOT = iphoneos;
				SWIFT_ACTIVE_COMPILATION_CONDITIONS = "DEBUG $(inherited)";
				SWIFT_OPTIMIZATION_LEVEL = "-Onone";
			};
			name = Debug;
		};
		3A4606BA2C733C960019EFA2 /* Release */ = {
			isa = XCBuildConfiguration;
			buildSettings = {
				ALWAYS_SEARCH_USER_PATHS = NO;
				ASSETCATALOG_COMPILER_GENERATE_SWIFT_ASSET_SYMBOL_EXTENSIONS = YES;
				CLANG_ANALYZER_NONNULL = YES;
				CLANG_ANALYZER_NUMBER_OBJECT_CONVERSION = YES_AGGRESSIVE;
				CLANG_CXX_LANGUAGE_STANDARD = "gnu++20";
				CLANG_ENABLE_MODULES = YES;
				CLANG_ENABLE_OBJC_ARC = YES;
				CLANG_ENABLE_OBJC_WEAK = YES;
				CLANG_WARN_BLOCK_CAPTURE_AUTORELEASING = YES;
				CLANG_WARN_BOOL_CONVERSION = YES;
				CLANG_WARN_COMMA = YES;
				CLANG_WARN_CONSTANT_CONVERSION = YES;
				CLANG_WARN_DEPRECATED_OBJC_IMPLEMENTATIONS = YES;
				CLANG_WARN_DIRECT_OBJC_ISA_USAGE = YES_ERROR;
				CLANG_WARN_DOCUMENTATION_COMMENTS = YES;
				CLANG_WARN_EMPTY_BODY = YES;
				CLANG_WARN_ENUM_CONVERSION = YES;
				CLANG_WARN_INFINITE_RECURSION = YES;
				CLANG_WARN_INT_CONVERSION = YES;
				CLANG_WARN_NON_LITERAL_NULL_CONVERSION = YES;
				CLANG_WARN_OBJC_IMPLICIT_RETAIN_SELF = YES;
				CLANG_WARN_OBJC_LITERAL_CONVERSION = YES;
				CLANG_WARN_OBJC_ROOT_CLASS = YES_ERROR;
				CLANG_WARN_QUOTED_INCLUDE_IN_FRAMEWORK_HEADER = YES;
				CLANG_WARN_RANGE_LOOP_ANALYSIS = YES;
				CLANG_WARN_STRICT_PROTOTYPES = YES;
				CLANG_WARN_SUSPICIOUS_MOVE = YES;
				CLANG_WARN_UNGUARDED_AVAILABILITY = YES_AGGRESSIVE;
				CLANG_WARN_UNREACHABLE_CODE = YES;
				CLANG_WARN__DUPLICATE_METHOD_MATCH = YES;
				COPY_PHASE_STRIP = NO;
				DEBUG_INFORMATION_FORMAT = "dwarf-with-dsym";
				ENABLE_NS_ASSERTIONS = NO;
				ENABLE_STRICT_OBJC_MSGSEND = YES;
				ENABLE_USER_SCRIPT_SANDBOXING = YES;
				GCC_C_LANGUAGE_STANDARD = gnu17;
				GCC_NO_COMMON_BLOCKS = YES;
				GCC_WARN_64_TO_32_BIT_CONVERSION = YES;
				GCC_WARN_ABOUT_RETURN_TYPE = YES_ERROR;
				GCC_WARN_UNDECLARED_SELECTOR = YES;
				GCC_WARN_UNINITIALIZED_AUTOS = YES_AGGRESSIVE;
				GCC_WARN_UNUSED_FUNCTION = YES;
				GCC_WARN_UNUSED_VARIABLE = YES;
				IPHONEOS_DEPLOYMENT_TARGET = 17.2;
				LOCALIZATION_PREFERS_STRING_CATALOGS = YES;
				MTL_ENABLE_DEBUG_INFO = NO;
				MTL_FAST_MATH = YES;
				SDKROOT = iphoneos;
				SWIFT_COMPILATION_MODE = wholemodule;
				VALIDATE_PRODUCT = YES;
			};
			name = Release;
		};
		3A4606BC2C733C960019EFA2 /* Debug */ = {
			isa = XCBuildConfiguration;
			buildSettings = {
				ASSETCATALOG_COMPILER_APPICON_NAME = AppIcon;
				ASSETCATALOG_COMPILER_GLOBAL_ACCENT_COLOR_NAME = AccentColor;
				CODE_SIGN_STYLE = Automatic;
				CURRENT_PROJECT_VERSION = 1;
				DEVELOPMENT_ASSET_PATHS = "\"Bubble/Preview Content\"";
				ENABLE_PREVIEWS = YES;
				GENERATE_INFOPLIST_FILE = YES;
				INFOPLIST_KEY_UIApplicationSceneManifest_Generation = YES;
				INFOPLIST_KEY_UIApplicationSupportsIndirectInputEvents = YES;
				INFOPLIST_KEY_UILaunchScreen_Generation = YES;
				INFOPLIST_KEY_UISupportedInterfaceOrientations_iPad = "UIInterfaceOrientationPortrait UIInterfaceOrientationPortraitUpsideDown UIInterfaceOrientationLandscapeLeft UIInterfaceOrientationLandscapeRight";
				INFOPLIST_KEY_UISupportedInterfaceOrientations_iPhone = "UIInterfaceOrientationPortrait UIInterfaceOrientationLandscapeLeft UIInterfaceOrientationLandscapeRight";
				LD_RUNPATH_SEARCH_PATHS = (
					"$(inherited)",
					"@executable_path/Frameworks",
				);
				MARKETING_VERSION = 1.0;
				PRODUCT_BUNDLE_IDENTIFIER = juri.Bubble;
				PRODUCT_NAME = "$(TARGET_NAME)";
				SWIFT_EMIT_LOC_STRINGS = YES;
				SWIFT_VERSION = 5.0;
				TARGETED_DEVICE_FAMILY = "1,2";
			};
			name = Debug;
		};
		3A4606BD2C733C960019EFA2 /* Release */ = {
			isa = XCBuildConfiguration;
			buildSettings = {
				ASSETCATALOG_COMPILER_APPICON_NAME = AppIcon;
				ASSETCATALOG_COMPILER_GLOBAL_ACCENT_COLOR_NAME = AccentColor;
				CODE_SIGN_STYLE = Automatic;
				CURRENT_PROJECT_VERSION = 1;
				DEVELOPMENT_ASSET_PATHS = "\"Bubble/Preview Content\"";
				ENABLE_PREVIEWS = YES;
				GENERATE_INFOPLIST_FILE = YES;
				INFOPLIST_KEY_UIApplicationSceneManifest_Generation = YES;
				INFOPLIST_KEY_UIApplicationSupportsIndirectInputEvents = YES;
				INFOPLIST_KEY_UILaunchScreen_Generation = YES;
				INFOPLIST_KEY_UISupportedInterfaceOrientations_iPad = "UIInterfaceOrientationPortrait UIInterfaceOrientationPortraitUpsideDown UIInterfaceOrientationLandscapeLeft UIInterfaceOrientationLandscapeRight";
				INFOPLIST_KEY_UISupportedInterfaceOrientations_iPhone = "UIInterfaceOrientationPortrait UIInterfaceOrientationLandscapeLeft UIInterfaceOrientationLandscapeRight";
				LD_RUNPATH_SEARCH_PATHS = (
					"$(inherited)",
					"@executable_path/Frameworks",
				);
				MARKETING_VERSION = 1.0;
				PRODUCT_BUNDLE_IDENTIFIER = juri.Bubble;
				PRODUCT_NAME = "$(TARGET_NAME)";
				SWIFT_EMIT_LOC_STRINGS = YES;
				SWIFT_VERSION = 5.0;
				TARGETED_DEVICE_FAMILY = "1,2";
			};
			name = Release;
		};
		3A4606BF2C733C960019EFA2 /* Debug */ = {
			isa = XCBuildConfiguration;
			buildSettings = {
				ALWAYS_EMBED_SWIFT_STANDARD_LIBRARIES = YES;
				BUNDLE_LOADER = "$(TEST_HOST)";
				CODE_SIGN_STYLE = Automatic;
				CURRENT_PROJECT_VERSION = 1;
				GENERATE_INFOPLIST_FILE = YES;
				IPHONEOS_DEPLOYMENT_TARGET = 17.2;
				MARKETING_VERSION = 1.0;
				PRODUCT_BUNDLE_IDENTIFIER = juri.BubbleTests;
				PRODUCT_NAME = "$(TARGET_NAME)";
				SWIFT_EMIT_LOC_STRINGS = NO;
				SWIFT_VERSION = 5.0;
				TARGETED_DEVICE_FAMILY = "1,2";
				TEST_HOST = "$(BUILT_PRODUCTS_DIR)/Bubble.app/$(BUNDLE_EXECUTABLE_FOLDER_PATH)/Bubble";
			};
			name = Debug;
		};
		3A4606C02C733C960019EFA2 /* Release */ = {
			isa = XCBuildConfiguration;
			buildSettings = {
				ALWAYS_EMBED_SWIFT_STANDARD_LIBRARIES = YES;
				BUNDLE_LOADER = "$(TEST_HOST)";
				CODE_SIGN_STYLE = Automatic;
				CURRENT_PROJECT_VERSION = 1;
				GENERATE_INFOPLIST_FILE = YES;
				IPHONEOS_DEPLOYMENT_TARGET = 17.2;
				MARKETING_VERSION = 1.0;
				PRODUCT_BUNDLE_IDENTIFIER = juri.BubbleTests;
				PRODUCT_NAME = "$(TARGET_NAME)";
				SWIFT_EMIT_LOC_STRINGS = NO;
				SWIFT_VERSION = 5.0;
				TARGETED_DEVICE_FAMILY = "1,2";
				TEST_HOST = "$(BUILT_PRODUCTS_DIR)/Bubble.app/$(BUNDLE_EXECUTABLE_FOLDER_PATH)/Bubble";
			};
			name = Release;
		};
		3A4606C22C733C960019EFA2 /* Debug */ = {
			isa = XCBuildConfiguration;
			buildSettings = {
				ALWAYS_EMBED_SWIFT_STANDARD_LIBRARIES = YES;
				CODE_SIGN_STYLE = Automatic;
				CURRENT_PROJECT_VERSION = 1;
				GENERATE_INFOPLIST_FILE = YES;
				MARKETING_VERSION = 1.0;
				PRODUCT_BUNDLE_IDENTIFIER = juri.BubbleUITests;
				PRODUCT_NAME = "$(TARGET_NAME)";
				SWIFT_EMIT_LOC_STRINGS = NO;
				SWIFT_VERSION = 5.0;
				TARGETED_DEVICE_FAMILY = "1,2";
				TEST_TARGET_NAME = Bubble;
			};
			name = Debug;
		};
		3A4606C32C733C960019EFA2 /* Release */ = {
			isa = XCBuildConfiguration;
			buildSettings = {
				ALWAYS_EMBED_SWIFT_STANDARD_LIBRARIES = YES;
				CODE_SIGN_STYLE = Automatic;
				CURRENT_PROJECT_VERSION = 1;
				GENERATE_INFOPLIST_FILE = YES;
				MARKETING_VERSION = 1.0;
				PRODUCT_BUNDLE_IDENTIFIER = juri.BubbleUITests;
				PRODUCT_NAME = "$(TARGET_NAME)";
				SWIFT_EMIT_LOC_STRINGS = NO;
				SWIFT_VERSION = 5.0;
				TARGETED_DEVICE_FAMILY = "1,2";
				TEST_TARGET_NAME = Bubble;
			};
			name = Release;
		};
/* End XCBuildConfiguration section */

/* Begin XCConfigurationList section */
		3A4606922C733C950019EFA2 /* Build configuration list for PBXProject "Bubble" */ = {
			isa = XCConfigurationList;
			buildConfigurations = (
				3A4606B92C733C960019EFA2 /* Debug */,
				3A4606BA2C733C960019EFA2 /* Release */,
			);
			defaultConfigurationIsVisible = 0;
			defaultConfigurationName = Release;
		};
		3A4606BB2C733C960019EFA2 /* Build configuration list for PBXNativeTarget "Bubble" */ = {
			isa = XCConfigurationList;
			buildConfigurations = (
				3A4606BC2C733C960019EFA2 /* Debug */,
				3A4606BD2C733C960019EFA2 /* Release */,
			);
			defaultConfigurationIsVisible = 0;
			defaultConfigurationName = Release;
		};
		3A4606BE2C733C960019EFA2 /* Build configuration list for PBXNativeTarget "BubbleTests" */ = {
			isa = XCConfigurationList;
			buildConfigurations = (
				3A4606BF2C733C960019EFA2 /* Debug */,
				3A4606C02C733C960019EFA2 /* Release */,
			);
			defaultConfigurationIsVisible = 0;
			defaultConfigurationName = Release;
		};
		3A4606C12C733C960019EFA2 /* Build configuration list for PBXNativeTarget "BubbleUITests" */ = {
			isa = XCConfigurationList;
			buildConfigurations = (
				3A4606C22C733C960019EFA2 /* Debug */,
				3A4606C32C733C960019EFA2 /* Release */,
			);
			defaultConfigurationIsVisible = 0;
			defaultConfigurationName = Release;
		};
/* End XCConfigurationList section */
	};
	rootObject = 3A46068F2C733C950019EFA2 /* Project object */;
}
